// !$*UTF8*$!
{
	archiveVersion = 1;
	classes = {
	};
	objectVersion = 50;
	objects = {

/* Begin PBXBuildFile section */
		E144EAF221FCEC34009AF3FB /* AppDelegate.swift in Sources */ = {isa = PBXBuildFile; fileRef = E144EAF121FCEC34009AF3FB /* AppDelegate.swift */; };
		E144EAF421FCEC34009AF3FB /* TableViewController.swift in Sources */ = {isa = PBXBuildFile; fileRef = E144EAF321FCEC34009AF3FB /* TableViewController.swift */; };
		E144EAF721FCEC34009AF3FB /* Main.storyboard in Resources */ = {isa = PBXBuildFile; fileRef = E144EAF521FCEC34009AF3FB /* Main.storyboard */; };
		E144EAF921FCEC36009AF3FB /* Assets.xcassets in Resources */ = {isa = PBXBuildFile; fileRef = E144EAF821FCEC36009AF3FB /* Assets.xcassets */; };
		E144EAFC21FCEC36009AF3FB /* LaunchScreen.storyboard in Resources */ = {isa = PBXBuildFile; fileRef = E144EAFA21FCEC36009AF3FB /* LaunchScreen.storyboard */; };
/* End PBXBuildFile section */

/* Begin PBXFileReference section */
		E144EAEE21FCEC34009AF3FB /* SwipeActions.app */ = {isa = PBXFileReference; explicitFileType = wrapper.application; includeInIndex = 0; path = SwipeActions.app; sourceTree = BUILT_PRODUCTS_DIR; };
		E144EAF121FCEC34009AF3FB /* AppDelegate.swift */ = {isa = PBXFileReference; lastKnownFileType = sourcecode.swift; path = AppDelegate.swift; sourceTree = "<group>"; };
		E144EAF321FCEC34009AF3FB /* TableViewController.swift */ = {isa = PBXFileReference; lastKnownFileType = sourcecode.swift; path = TableViewController.swift; sourceTree = "<group>"; };
		E144EAF621FCEC34009AF3FB /* Base */ = {isa = PBXFileReference; lastKnownFileType = file.storyboard; name = Base; path = Base.lproj/Main.storyboard; sourceTree = "<group>"; };
		E144EAF821FCEC36009AF3FB /* Assets.xcassets */ = {isa = PBXFileReference; lastKnownFileType = folder.assetcatalog; path = Assets.xcassets; sourceTree = "<group>"; };
		E144EAFB21FCEC36009AF3FB /* Base */ = {isa = PBXFileReference; lastKnownFileType = file.storyboard; name = Base; path = Base.lproj/LaunchScreen.storyboard; sourceTree = "<group>"; };
		E144EAFD21FCEC36009AF3FB /* Info.plist */ = {isa = PBXFileReference; lastKnownFileType = text.plist.xml; path = Info.plist; sourceTree = "<group>"; };
/* End PBXFileReference section */

/* Begin PBXFrameworksBuildPhase section */
		E144EAEB21FCEC34009AF3FB /* Frameworks */ = {
			isa = PBXFrameworksBuildPhase;
			buildActionMask = 2147483647;
			files = (
			);
			runOnlyForDeploymentPostprocessing = 0;
		};
/* End PBXFrameworksBuildPhase section */

/* Begin PBXGroup section */
		E144EAE521FCEC33009AF3FB = {
			isa = PBXGroup;
			children = (
				E144EAF021FCEC34009AF3FB /* SwipeActions */,
				E144EAEF21FCEC34009AF3FB /* Products */,
			);
			sourceTree = "<group>";
		};
		E144EAEF21FCEC34009AF3FB /* Products */ = {
			isa = PBXGroup;
			children = (
				E144EAEE21FCEC34009AF3FB /* SwipeActions.app */,
			);
			name = Products;
			sourceTree = "<group>";
		};
		E144EAF021FCEC34009AF3FB /* SwipeActions */ = {
			isa = PBXGroup;
			children = (
				E144EAF121FCEC34009AF3FB /* AppDelegate.swift */,
				E144EAF321FCEC34009AF3FB /* TableViewController.swift */,
				E144EAF521FCEC34009AF3FB /* Main.storyboard */,
				E144EAF821FCEC36009AF3FB /* Assets.xcassets */,
				E144EAFA21FCEC36009AF3FB /* LaunchScreen.storyboard */,
				E144EAFD21FCEC36009AF3FB /* Info.plist */,
			);
			path = SwipeActions;
			sourceTree = "<group>";
		};
/* End PBXGroup section */

/* Begin PBXNativeTarget section */
		E144EAED21FCEC34009AF3FB /* SwipeActions */ = {
			isa = PBXNativeTarget;
			buildConfigurationList = E144EB0021FCEC36009AF3FB /* Build configuration list for PBXNativeTarget "SwipeActions" */;
			buildPhases = (
				E144EAEA21FCEC34009AF3FB /* Sources */,
				E144EAEB21FCEC34009AF3FB /* Frameworks */,
				E144EAEC21FCEC34009AF3FB /* Resources */,
			);
			buildRules = (
			);
			dependencies = (
			);
			name = SwipeActions;
			productName = SwipeActions;
			productReference = E144EAEE21FCEC34009AF3FB /* SwipeActions.app */;
			productType = "com.apple.product-type.application";
		};
/* End PBXNativeTarget section */

/* Begin PBXProject section */
		E144EAE621FCEC33009AF3FB /* Project object */ = {
			isa = PBXProject;
			attributes = {
				LastSwiftUpdateCheck = 1010;
				LastUpgradeCheck = 1010;
				ORGANIZATIONNAME = "Steven Lipton";
				TargetAttributes = {
					E144EAED21FCEC34009AF3FB = {
						CreatedOnToolsVersion = 10.1;
					};
				};
			};
			buildConfigurationList = E144EAE921FCEC33009AF3FB /* Build configuration list for PBXProject "SwipeActions" */;
			compatibilityVersion = "Xcode 9.3";
			developmentRegion = en;
			hasScannedForEncodings = 0;
			knownRegions = (
				en,
				Base,
			);
			mainGroup = E144EAE521FCEC33009AF3FB;
			productRefGroup = E144EAEF21FCEC34009AF3FB /* Products */;
			projectDirPath = "";
			projectRoot = "";
			targets = (
				E144EAED21FCEC34009AF3FB /* SwipeActions */,
			);
		};
/* End PBXProject section */

/* Begin PBXResourcesBuildPhase section */
		E144EAEC21FCEC34009AF3FB /* Resources */ = {
			isa = PBXResourcesBuildPhase;
			buildActionMask = 2147483647;
			files = (
				E144EAFC21FCEC36009AF3FB /* LaunchScreen.storyboard in Resources */,
				E144EAF921FCEC36009AF3FB /* Assets.xcassets in Resources */,
				E144EAF721FCEC34009AF3FB /* Main.storyboard in Resources */,
			);
			runOnlyForDeploymentPostprocessing = 0;
		};
/* End PBXResourcesBuildPhase section */

/* Begin PBXSourcesBuildPhase section */
		E144EAEA21FCEC34009AF3FB /* Sources */ = {
			isa = PBXSourcesBuildPhase;
			buildActionMask = 2147483647;
			files = (
				E144EAF421FCEC34009AF3FB /* TableViewController.swift in Sources */,
				E144EAF221FCEC34009AF3FB /* AppDelegate.swift in Sources */,
			);
			runOnlyForDeploymentPostprocessing = 0;
		};
/* End PBXSourcesBuildPhase section */

/* Begin PBXVariantGroup section */
		E144EAF521FCEC34009AF3FB /* Main.storyboard */ = {
			isa = PBXVariantGroup;
			children = (
				E144EAF621FCEC34009AF3FB /* Base */,
			);
			name = Main.storyboard;
			sourceTree = "<group>";
		};
		E144EAFA21FCEC36009AF3FB /* LaunchScreen.storyboard */ = {
			isa = PBXVariantGroup;
			children = (
				E144EAFB21FCEC36009AF3FB /* Base */,
			);
			name = LaunchScreen.storyboard;
			sourceTree = "<group>";
		};
/* End PBXVariantGroup section */

/* Begin XCBuildConfiguration section */
		E144EAFE21FCEC36009AF3FB /* Debug */ = {
			isa = XCBuildConfiguration;
			buildSettings = {
				ALWAYS_SEARCH_USER_PATHS = NO;
				CLANG_ANALYZER_NONNULL = YES;
				CLANG_ANALYZER_NUMBER_OBJECT_CONVERSION = YES_AGGRESSIVE;
				CLANG_CXX_LANGUAGE_STANDARD = "gnu++14";
				CLANG_CXX_LIBRARY = "libc++";
				CLANG_ENABLE_MODULES = YES;
				CLANG_ENABLE_OBJC_ARC = YES;
				CLANG_ENABLE_OBJC_WEAK = YES;
				CLANG_WARN_BLOCK_CAPTURE_AUTORELEASING = YES;
				CLANG_WARN_BOOL_CONVERSION = YES;
				CLANG_WARN_COMMA = YES;
				CLANG_WARN_CONSTANT_CONVERSION = YES;
				CLANG_WARN_DEPRECATED_OBJC_IMPLEMENTATIONS = YES;
				CLANG_WARN_DIRECT_OBJC_ISA_USAGE = YES_ERROR;
				CLANG_WARN_DOCUMENTATION_COMMENTS = YES;
				CLANG_WARN_EMPTY_BODY = YES;
				CLANG_WARN_ENUM_CONVERSION = YES;
				CLANG_WARN_INFINITE_RECURSION = YES;
				CLANG_WARN_INT_CONVERSION = YES;
				CLANG_WARN_NON_LITERAL_NULL_CONVERSION = YES;
				CLANG_WARN_OBJC_IMPLICIT_RETAIN_SELF = YES;
				CLANG_WARN_OBJC_LITERAL_CONVERSION = YES;
				CLANG_WARN_OBJC_ROOT_CLASS = YES_ERROR;
				CLANG_WARN_RANGE_LOOP_ANALYSIS = YES;
				CLANG_WARN_STRICT_PROTOTYPES = YES;
				CLANG_WARN_SUSPICIOUS_MOVE = YES;
				CLANG_WARN_UNGUARDED_AVAILABILITY = YES_AGGRESSIVE;
				CLANG_WARN_UNREACHABLE_CODE = YES;
				CLANG_WARN__DUPLICATE_METHOD_MATCH = YES;
				CODE_SIGN_IDENTITY = "iPhone Developer";
				COPY_PHASE_STRIP = NO;
				DEBUG_INFORMATION_FORMAT = dwarf;
				ENABLE_STRICT_OBJC_MSGSEND = YES;
				ENABLE_TESTABILITY = YES;
				GCC_C_LANGUAGE_STANDARD = gnu11;
				GCC_DYNAMIC_NO_PIC = NO;
				GCC_NO_COMMON_BLOCKS = YES;
				GCC_OPTIMIZATION_LEVEL = 0;
				GCC_PREPROCESSOR_DEFINITIONS = (
					"DEBUG=1",
					"$(inherited)",
				);
				GCC_WARN_64_TO_32_BIT_CONVERSION = YES;
				GCC_WARN_ABOUT_RETURN_TYPE = YES_ERROR;
				GCC_WARN_UNDECLARED_SELECTOR = YES;
				GCC_WARN_UNINITIALIZED_AUTOS = YES_AGGRESSIVE;
				GCC_WARN_UNUSED_FUNCTION = YES;
				GCC_WARN_UNUSED_VARIABLE = YES;
				IPHONEOS_DEPLOYMENT_TARGET = 12.1;
				MTL_ENABLE_DEBUG_INFO = INCLUDE_SOURCE;
				MTL_FAST_MATH = YES;
				ONLY_ACTIVE_ARCH = YES;
				SDKROOT = iphoneos;
				SWIFT_ACTIVE_COMPILATION_CONDITIONS = DEBUG;
				SWIFT_OPTIMIZATION_LEVEL = "-Onone";
			};
			name = Debug;
		};
		E144EAFF21FCEC36009AF3FB /* Release */ = {
			isa = XCBuildConfiguration;
			buildSettings = {
				ALWAYS_SEARCH_USER_PATHS = NO;
				CLANG_ANALYZER_NONNULL = YES;
				CLANG_ANALYZER_NUMBER_OBJECT_CONVERSION = YES_AGGRESSIVE;
				CLANG_CXX_LANGUAGE_STANDARD = "gnu++14";
				CLANG_CXX_LIBRARY = "libc++";
				CLANG_ENABLE_MODULES = YES;
				CLANG_ENABLE_OBJC_ARC = YES;
				CLANG_ENABLE_OBJC_WEAK = YES;
				CLANG_WARN_BLOCK_CAPTURE_AUTORELEASING = YES;
				CLANG_WARN_BOOL_CONVERSION = YES;
				CLANG_WARN_COMMA = YES;
				CLANG_WARN_CONSTANT_CONVERSION = YES;
				CLANG_WARN_DEPRECATED_OBJC_IMPLEMENTATIONS = YES;
				CLANG_WARN_DIRECT_OBJC_ISA_USAGE = YES_ERROR;
				CLANG_WARN_DOCUMENTATION_COMMENTS = YES;
				CLANG_WARN_EMPTY_BODY = YES;
				CLANG_WARN_ENUM_CONVERSION = YES;
				CLANG_WARN_INFINITE_RECURSION = YES;
				CLANG_WARN_INT_CONVERSION = YES;
				CLANG_WARN_NON_LITERAL_NULL_CONVERSION = YES;
				CLANG_WARN_OBJC_IMPLICIT_RETAIN_SELF = YES;
				CLANG_WARN_OBJC_LITERAL_CONVERSION = YES;
				CLANG_WARN_OBJC_ROOT_CLASS = YES_ERROR;
				CLANG_WARN_RANGE_LOOP_ANALYSIS = YES;
				CLANG_WARN_STRICT_PROTOTYPES = YES;
				CLANG_WARN_SUSPICIOUS_MOVE = YES;
				CLANG_WARN_UNGUARDED_AVAILABILITY = YES_AGGRESSIVE;
				CLANG_WARN_UNREACHABLE_CODE = YES;
				CLANG_WARN__DUPLICATE_METHOD_MATCH = YES;
				CODE_SIGN_IDENTITY = "iPhone Developer";
				COPY_PHASE_STRIP = NO;
				DEBUG_INFORMATION_FORMAT = "dwarf-with-dsym";
				ENABLE_NS_ASSERTIONS = NO;
				ENABLE_STRICT_OBJC_MSGSEND = YES;
				GCC_C_LANGUAGE_STANDARD = gnu11;
				GCC_NO_COMMON_BLOCKS = YES;
				GCC_WARN_64_TO_32_BIT_CONVERSION = YES;
				GCC_WARN_ABOUT_RETURN_TYPE = YES_ERROR;
				GCC_WARN_UNDECLARED_SELECTOR = YES;
				GCC_WARN_UNINITIALIZED_AUTOS = YES_AGGRESSIVE;
				GCC_WARN_UNUSED_FUNCTION = YES;
				GCC_WARN_UNUSED_VARIABLE = YES;
				IPHONEOS_DEPLOYMENT_TARGET = 12.1;
				MTL_ENABLE_DEBUG_INFO = NO;
				MTL_FAST_MATH = YES;
				SDKROOT = iphoneos;
				SWIFT_COMPILATION_MODE = wholemodule;
				SWIFT_OPTIMIZATION_LEVEL = "-O";
				VALIDATE_PRODUCT = YES;
			};
			name = Release;
		};
		E144EB0121FCEC36009AF3FB /* Debug */ = {
			isa = XCBuildConfiguration;
			buildSettings = {
				ASSETCATALOG_COMPILER_APPICON_NAME = AppIcon;
				CODE_SIGN_STYLE = Automatic;
				DEVELOPMENT_TEAM = P6DBU8DWFF;
				INFOPLIST_FILE = SwipeActions/Info.plist;
				LD_RUNPATH_SEARCH_PATHS = (
					"$(inherited)",
					"@executable_path/Frameworks",
				);
				PRODUCT_BUNDLE_IDENTIFIER = com.makeAppPie.SwipeActions;
				PRODUCT_NAME = "$(TARGET_NAME)";
				SWIFT_VERSION = 4.2;
				TARGETED_DEVICE_FAMILY = "1,2";
			};
			name = Debug;
		};
		E144EB0221FCEC36009AF3FB /* Release */ = {
			isa = XCBuildConfiguration;
			buildSettings = {
				ASSETCATALOG_COMPILER_APPICON_NAME = AppIcon;
				CODE_SIGN_STYLE = Automatic;
				DEVELOPMENT_TEAM = P6DBU8DWFF;
				INFOPLIST_FILE = SwipeActions/Info.plist;
				LD_RUNPATH_SEARCH_PATHS = (
					"$(inherited)",
					"@executable_path/Frameworks",
				);
				PRODUCT_BUNDLE_IDENTIFIER = com.makeAppPie.SwipeActions;
				PRODUCT_NAME = "$(TARGET_NAME)";
				SWIFT_VERSION = 4.2;
				TARGETED_DEVICE_FAMILY = "1,2";
			};
			name = Release;
		};
/* End XCBuildConfiguration section */

/* Begin XCConfigurationList section */
		E144EAE921FCEC33009AF3FB /* Build configuration list for PBXProject "SwipeActions" */ = {
			isa = XCConfigurationList;
			buildConfigurations = (
				E144EAFE21FCEC36009AF3FB /* Debug */,
				E144EAFF21FCEC36009AF3FB /* Release */,
			);
			defaultConfigurationIsVisible = 0;
			defaultConfigurationName = Release;
		};
		E144EB0021FCEC36009AF3FB /* Build configuration list for PBXNativeTarget "SwipeActions" */ = {
			isa = XCConfigurationList;
			buildConfigurations = (
				E144EB0121FCEC36009AF3FB /* Debug */,
				E144EB0221FCEC36009AF3FB /* Release */,
			);
			defaultConfigurationIsVisible = 0;
			defaultConfigurationName = Release;
		};
/* End XCConfigurationList section */
	};
	rootObject = E144EAE621FCEC33009AF3FB /* Project object */;
}
